// !$*UTF8*$!
{
	archiveVersion = 1;
	classes = {
	};
	objectVersion = 46;
	objects = {

/* Begin PBXBuildFile section */
		7F2307D818F534C3006329B3 /* ViewController.xib in Resources */ = {isa = PBXBuildFile; fileRef = 7F2307D718F534C3006329B3 /* ViewController.xib */; };
		7F2307DB18F53626006329B3 /* PickerViews+Helpers.m in Sources */ = {isa = PBXBuildFile; fileRef = 7F2307DA18F53626006329B3 /* PickerViews+Helpers.m */; };
		7F23227A18E9BC9E0040CEC2 /* NSObject+AssociatedObjects.m in Sources */ = {isa = PBXBuildFile; fileRef = 7F23227918E9BC9E0040CEC2 /* NSObject+AssociatedObjects.m */; };
		7F8CD98518BBEB09000E8B0D /* RKAlertViewController.m in Sources */ = {isa = PBXBuildFile; fileRef = 7F8CD98418BBEB09000E8B0D /* RKAlertViewController.m */; };
		7FB3438218B7930900EF3F8E /* UIView+Helpers.m in Sources */ = {isa = PBXBuildFile; fileRef = 7FB3438118B7930900EF3F8E /* UIView+Helpers.m */; };
		7FB3438518B793AA00EF3F8E /* UIToolbar+AccessoryView.m in Sources */ = {isa = PBXBuildFile; fileRef = 7FB3438418B793AA00EF3F8E /* UIToolbar+AccessoryView.m */; };
		7FB3438818B793BB00EF3F8E /* NSObject+ios7support.m in Sources */ = {isa = PBXBuildFile; fileRef = 7FB3438718B793BB00EF3F8E /* NSObject+ios7support.m */; };
		7FB3438B18B7957500EF3F8E /* RKOnePixelView.m in Sources */ = {isa = PBXBuildFile; fileRef = 7FB3438A18B7957500EF3F8E /* RKOnePixelView.m */; };
		7FB3439318B7964500EF3F8E /* UITableViewCell+Helpers.m in Sources */ = {isa = PBXBuildFile; fileRef = 7FB3439218B7964500EF3F8E /* UITableViewCell+Helpers.m */; };
		7FB3439618B7966B00EF3F8E /* NSObject+NIB.m in Sources */ = {isa = PBXBuildFile; fileRef = 7FB3439518B7966B00EF3F8E /* NSObject+NIB.m */; };
		7FC9F00318F46C2B00F0122A /* RKRow.m in Sources */ = {isa = PBXBuildFile; fileRef = 7FC9EFFE18F46C2B00F0122A /* RKRow.m */; };
		7FC9F00418F46C2B00F0122A /* RKSection.m in Sources */ = {isa = PBXBuildFile; fileRef = 7FC9F00018F46C2B00F0122A /* RKSection.m */; };
		7FC9F00518F46C2B00F0122A /* RKTableData.m in Sources */ = {isa = PBXBuildFile; fileRef = 7FC9F00218F46C2B00F0122A /* RKTableData.m */; };
		7FCAB81617C4CD7E00F54EC6 /* UIKit.framework in Frameworks */ = {isa = PBXBuildFile; fileRef = 7FCAB81517C4CD7E00F54EC6 /* UIKit.framework */; };
		7FCAB81817C4CD7E00F54EC6 /* Foundation.framework in Frameworks */ = {isa = PBXBuildFile; fileRef = 7FCAB81717C4CD7E00F54EC6 /* Foundation.framework */; };
		7FCAB81A17C4CD7E00F54EC6 /* CoreGraphics.framework in Frameworks */ = {isa = PBXBuildFile; fileRef = 7FCAB81917C4CD7E00F54EC6 /* CoreGraphics.framework */; };
		7FCAB82017C4CD7E00F54EC6 /* InfoPlist.strings in Resources */ = {isa = PBXBuildFile; fileRef = 7FCAB81E17C4CD7E00F54EC6 /* InfoPlist.strings */; };
		7FCAB82217C4CD7E00F54EC6 /* main.m in Sources */ = {isa = PBXBuildFile; fileRef = 7FCAB82117C4CD7E00F54EC6 /* main.m */; };
		7FCAB82617C4CD7E00F54EC6 /* AppDelegate.m in Sources */ = {isa = PBXBuildFile; fileRef = 7FCAB82517C4CD7E00F54EC6 /* AppDelegate.m */; };
		7FCAB82817C4CD7E00F54EC6 /* Default.png in Resources */ = {isa = PBXBuildFile; fileRef = 7FCAB82717C4CD7E00F54EC6 /* Default.png */; };
		7FCAB82A17C4CD7E00F54EC6 /* Default@2x.png in Resources */ = {isa = PBXBuildFile; fileRef = 7FCAB82917C4CD7E00F54EC6 /* Default@2x.png */; };
		7FCAB82C17C4CD7E00F54EC6 /* Default-568h@2x.png in Resources */ = {isa = PBXBuildFile; fileRef = 7FCAB82B17C4CD7E00F54EC6 /* Default-568h@2x.png */; };
		7FCAB82F17C4CD7E00F54EC6 /* ViewController.m in Sources */ = {isa = PBXBuildFile; fileRef = 7FCAB82E17C4CD7E00F54EC6 /* ViewController.m */; };
		7FCAB84B17C4CE8300F54EC6 /* QuartzCore.framework in Frameworks */ = {isa = PBXBuildFile; fileRef = 7FCAB84A17C4CE8300F54EC6 /* QuartzCore.framework */; };
		7FFCC40218082A7200CA9E52 /* NSDate+Helpers.m in Sources */ = {isa = PBXBuildFile; fileRef = 7FFCC3F518082A7200CA9E52 /* NSDate+Helpers.m */; };
		7FFCC40318082A7200CA9E52 /* RKMovingLabel.m in Sources */ = {isa = PBXBuildFile; fileRef = 7FFCC3F718082A7200CA9E52 /* RKMovingLabel.m */; };
		7FFCC40418082A7200CA9E52 /* RKRoundedImageView.m in Sources */ = {isa = PBXBuildFile; fileRef = 7FFCC3F918082A7200CA9E52 /* RKRoundedImageView.m */; };
		7FFCC40518082A7200CA9E52 /* RKTableViewCell.m in Sources */ = {isa = PBXBuildFile; fileRef = 7FFCC3FB18082A7200CA9E52 /* RKTableViewCell.m */; };
		7FFCC40618082A7200CA9E52 /* UIImage+ImageEffects.m in Sources */ = {isa = PBXBuildFile; fileRef = 7FFCC3FD18082A7200CA9E52 /* UIImage+ImageEffects.m */; };
		7FFCC40718082A7200CA9E52 /* UITextField+Cursor.m in Sources */ = {isa = PBXBuildFile; fileRef = 7FFCC3FF18082A7200CA9E52 /* UITextField+Cursor.m */; };
		7FFCC40B18082A8800CA9E52 /* UIActionSheet+Blocks.m in Sources */ = {isa = PBXBuildFile; fileRef = 7FFCC40A18082A8800CA9E52 /* UIActionSheet+Blocks.m */; };
		7FFCC40D1808313300CA9E52 /* Accelerate.framework in Frameworks */ = {isa = PBXBuildFile; fileRef = 7FFCC40C1808313300CA9E52 /* Accelerate.framework */; };
/* End PBXBuildFile section */

/* Begin PBXFileReference section */
		7F2307D718F534C3006329B3 /* ViewController.xib */ = {isa = PBXFileReference; fileEncoding = 4; lastKnownFileType = file.xib; path = ViewController.xib; sourceTree = "<group>"; };
		7F2307D918F53626006329B3 /* PickerViews+Helpers.h */ = {isa = PBXFileReference; fileEncoding = 4; lastKnownFileType = sourcecode.c.h; path = "PickerViews+Helpers.h"; sourceTree = "<group>"; };
		7F2307DA18F53626006329B3 /* PickerViews+Helpers.m */ = {isa = PBXFileReference; fileEncoding = 4; lastKnownFileType = sourcecode.c.objc; path = "PickerViews+Helpers.m"; sourceTree = "<group>"; };
		7F23227818E9BC9E0040CEC2 /* NSObject+AssociatedObjects.h */ = {isa = PBXFileReference; fileEncoding = 4; lastKnownFileType = sourcecode.c.h; path = "NSObject+AssociatedObjects.h"; sourceTree = "<group>"; };
		7F23227918E9BC9E0040CEC2 /* NSObject+AssociatedObjects.m */ = {isa = PBXFileReference; fileEncoding = 4; lastKnownFileType = sourcecode.c.objc; path = "NSObject+AssociatedObjects.m"; sourceTree = "<group>"; };
		7F8CD98318BBEB09000E8B0D /* RKAlertViewController.h */ = {isa = PBXFileReference; fileEncoding = 4; lastKnownFileType = sourcecode.c.h; path = RKAlertViewController.h; sourceTree = "<group>"; };
		7F8CD98418BBEB09000E8B0D /* RKAlertViewController.m */ = {isa = PBXFileReference; fileEncoding = 4; lastKnownFileType = sourcecode.c.objc; path = RKAlertViewController.m; sourceTree = "<group>"; };
		7FB3438018B7930900EF3F8E /* UIView+Helpers.h */ = {isa = PBXFileReference; fileEncoding = 4; lastKnownFileType = sourcecode.c.h; path = "UIView+Helpers.h"; sourceTree = "<group>"; };
		7FB3438118B7930900EF3F8E /* UIView+Helpers.m */ = {isa = PBXFileReference; fileEncoding = 4; lastKnownFileType = sourcecode.c.objc; path = "UIView+Helpers.m"; sourceTree = "<group>"; };
		7FB3438318B793AA00EF3F8E /* UIToolbar+AccessoryView.h */ = {isa = PBXFileReference; fileEncoding = 4; lastKnownFileType = sourcecode.c.h; path = "UIToolbar+AccessoryView.h"; sourceTree = "<group>"; };
		7FB3438418B793AA00EF3F8E /* UIToolbar+AccessoryView.m */ = {isa = PBXFileReference; fileEncoding = 4; lastKnownFileType = sourcecode.c.objc; path = "UIToolbar+AccessoryView.m"; sourceTree = "<group>"; };
		7FB3438618B793BB00EF3F8E /* NSObject+ios7support.h */ = {isa = PBXFileReference; fileEncoding = 4; lastKnownFileType = sourcecode.c.h; path = "NSObject+ios7support.h"; sourceTree = "<group>"; };
		7FB3438718B793BB00EF3F8E /* NSObject+ios7support.m */ = {isa = PBXFileReference; fileEncoding = 4; lastKnownFileType = sourcecode.c.objc; path = "NSObject+ios7support.m"; sourceTree = "<group>"; };
		7FB3438918B7957500EF3F8E /* RKOnePixelView.h */ = {isa = PBXFileReference; fileEncoding = 4; lastKnownFileType = sourcecode.c.h; path = RKOnePixelView.h; sourceTree = "<group>"; };
		7FB3438A18B7957500EF3F8E /* RKOnePixelView.m */ = {isa = PBXFileReference; fileEncoding = 4; lastKnownFileType = sourcecode.c.objc; path = RKOnePixelView.m; sourceTree = "<group>"; };
		7FB3439118B7964500EF3F8E /* UITableViewCell+Helpers.h */ = {isa = PBXFileReference; fileEncoding = 4; lastKnownFileType = sourcecode.c.h; path = "UITableViewCell+Helpers.h"; sourceTree = "<group>"; };
		7FB3439218B7964500EF3F8E /* UITableViewCell+Helpers.m */ = {isa = PBXFileReference; fileEncoding = 4; lastKnownFileType = sourcecode.c.objc; path = "UITableViewCell+Helpers.m"; sourceTree = "<group>"; };
		7FB3439418B7966B00EF3F8E /* NSObject+NIB.h */ = {isa = PBXFileReference; fileEncoding = 4; lastKnownFileType = sourcecode.c.h; path = "NSObject+NIB.h"; sourceTree = "<group>"; };
		7FB3439518B7966B00EF3F8E /* NSObject+NIB.m */ = {isa = PBXFileReference; fileEncoding = 4; lastKnownFileType = sourcecode.c.objc; path = "NSObject+NIB.m"; sourceTree = "<group>"; };
		7FC9EFFD18F46C2B00F0122A /* RKRow.h */ = {isa = PBXFileReference; fileEncoding = 4; lastKnownFileType = sourcecode.c.h; path = RKRow.h; sourceTree = "<group>"; };
		7FC9EFFE18F46C2B00F0122A /* RKRow.m */ = {isa = PBXFileReference; fileEncoding = 4; lastKnownFileType = sourcecode.c.objc; path = RKRow.m; sourceTree = "<group>"; };
		7FC9EFFF18F46C2B00F0122A /* RKSection.h */ = {isa = PBXFileReference; fileEncoding = 4; lastKnownFileType = sourcecode.c.h; path = RKSection.h; sourceTree = "<group>"; };
		7FC9F00018F46C2B00F0122A /* RKSection.m */ = {isa = PBXFileReference; fileEncoding = 4; lastKnownFileType = sourcecode.c.objc; path = RKSection.m; sourceTree = "<group>"; };
		7FC9F00118F46C2B00F0122A /* RKTableData.h */ = {isa = PBXFileReference; fileEncoding = 4; lastKnownFileType = sourcecode.c.h; path = RKTableData.h; sourceTree = "<group>"; };
		7FC9F00218F46C2B00F0122A /* RKTableData.m */ = {isa = PBXFileReference; fileEncoding = 4; lastKnownFileType = sourcecode.c.objc; path = RKTableData.m; sourceTree = "<group>"; };
		7FCAB81217C4CD7E00F54EC6 /* Sample.app */ = {isa = PBXFileReference; explicitFileType = wrapper.application; includeInIndex = 0; path = Sample.app; sourceTree = BUILT_PRODUCTS_DIR; };
		7FCAB81517C4CD7E00F54EC6 /* UIKit.framework */ = {isa = PBXFileReference; lastKnownFileType = wrapper.framework; name = UIKit.framework; path = System/Library/Frameworks/UIKit.framework; sourceTree = SDKROOT; };
		7FCAB81717C4CD7E00F54EC6 /* Foundation.framework */ = {isa = PBXFileReference; lastKnownFileType = wrapper.framework; name = Foundation.framework; path = System/Library/Frameworks/Foundation.framework; sourceTree = SDKROOT; };
		7FCAB81917C4CD7E00F54EC6 /* CoreGraphics.framework */ = {isa = PBXFileReference; lastKnownFileType = wrapper.framework; name = CoreGraphics.framework; path = System/Library/Frameworks/CoreGraphics.framework; sourceTree = SDKROOT; };
		7FCAB81D17C4CD7E00F54EC6 /* Sample-Info.plist */ = {isa = PBXFileReference; lastKnownFileType = text.plist.xml; path = "Sample-Info.plist"; sourceTree = "<group>"; };
		7FCAB81F17C4CD7E00F54EC6 /* en */ = {isa = PBXFileReference; lastKnownFileType = text.plist.strings; name = en; path = en.lproj/InfoPlist.strings; sourceTree = "<group>"; };
		7FCAB82117C4CD7E00F54EC6 /* main.m */ = {isa = PBXFileReference; lastKnownFileType = sourcecode.c.objc; path = main.m; sourceTree = "<group>"; };
		7FCAB82317C4CD7E00F54EC6 /* Sample-Prefix.pch */ = {isa = PBXFileReference; lastKnownFileType = sourcecode.c.h; path = "Sample-Prefix.pch"; sourceTree = "<group>"; };
		7FCAB82417C4CD7E00F54EC6 /* AppDelegate.h */ = {isa = PBXFileReference; lastKnownFileType = sourcecode.c.h; path = AppDelegate.h; sourceTree = "<group>"; };
		7FCAB82517C4CD7E00F54EC6 /* AppDelegate.m */ = {isa = PBXFileReference; lastKnownFileType = sourcecode.c.objc; path = AppDelegate.m; sourceTree = "<group>"; };
		7FCAB82717C4CD7E00F54EC6 /* Default.png */ = {isa = PBXFileReference; lastKnownFileType = image.png; path = Default.png; sourceTree = "<group>"; };
		7FCAB82917C4CD7E00F54EC6 /* Default@2x.png */ = {isa = PBXFileReference; lastKnownFileType = image.png; path = "Default@2x.png"; sourceTree = "<group>"; };
		7FCAB82B17C4CD7E00F54EC6 /* Default-568h@2x.png */ = {isa = PBXFileReference; lastKnownFileType = image.png; path = "Default-568h@2x.png"; sourceTree = "<group>"; };
		7FCAB82D17C4CD7E00F54EC6 /* ViewController.h */ = {isa = PBXFileReference; lastKnownFileType = sourcecode.c.h; path = ViewController.h; sourceTree = "<group>"; };
		7FCAB82E17C4CD7E00F54EC6 /* ViewController.m */ = {isa = PBXFileReference; lastKnownFileType = sourcecode.c.objc; path = ViewController.m; sourceTree = "<group>"; };
		7FCAB84A17C4CE8300F54EC6 /* QuartzCore.framework */ = {isa = PBXFileReference; lastKnownFileType = wrapper.framework; name = QuartzCore.framework; path = System/Library/Frameworks/QuartzCore.framework; sourceTree = SDKROOT; };
		7FFCC3F418082A7200CA9E52 /* NSDate+Helpers.h */ = {isa = PBXFileReference; fileEncoding = 4; lastKnownFileType = sourcecode.c.h; path = "NSDate+Helpers.h"; sourceTree = "<group>"; };
		7FFCC3F518082A7200CA9E52 /* NSDate+Helpers.m */ = {isa = PBXFileReference; fileEncoding = 4; lastKnownFileType = sourcecode.c.objc; path = "NSDate+Helpers.m"; sourceTree = "<group>"; };
		7FFCC3F618082A7200CA9E52 /* RKMovingLabel.h */ = {isa = PBXFileReference; fileEncoding = 4; lastKnownFileType = sourcecode.c.h; path = RKMovingLabel.h; sourceTree = "<group>"; };
		7FFCC3F718082A7200CA9E52 /* RKMovingLabel.m */ = {isa = PBXFileReference; fileEncoding = 4; lastKnownFileType = sourcecode.c.objc; path = RKMovingLabel.m; sourceTree = "<group>"; };
		7FFCC3F818082A7200CA9E52 /* RKRoundedImageView.h */ = {isa = PBXFileReference; fileEncoding = 4; lastKnownFileType = sourcecode.c.h; path = RKRoundedImageView.h; sourceTree = "<group>"; };
		7FFCC3F918082A7200CA9E52 /* RKRoundedImageView.m */ = {isa = PBXFileReference; fileEncoding = 4; lastKnownFileType = sourcecode.c.objc; path = RKRoundedImageView.m; sourceTree = "<group>"; };
		7FFCC3FA18082A7200CA9E52 /* RKTableViewCell.h */ = {isa = PBXFileReference; fileEncoding = 4; lastKnownFileType = sourcecode.c.h; path = RKTableViewCell.h; sourceTree = "<group>"; };
		7FFCC3FB18082A7200CA9E52 /* RKTableViewCell.m */ = {isa = PBXFileReference; fileEncoding = 4; lastKnownFileType = sourcecode.c.objc; path = RKTableViewCell.m; sourceTree = "<group>"; };
		7FFCC3FC18082A7200CA9E52 /* UIImage+ImageEffects.h */ = {isa = PBXFileReference; fileEncoding = 4; lastKnownFileType = sourcecode.c.h; path = "UIImage+ImageEffects.h"; sourceTree = "<group>"; };
		7FFCC3FD18082A7200CA9E52 /* UIImage+ImageEffects.m */ = {isa = PBXFileReference; fileEncoding = 4; lastKnownFileType = sourcecode.c.objc; path = "UIImage+ImageEffects.m"; sourceTree = "<group>"; };
		7FFCC3FE18082A7200CA9E52 /* UITextField+Cursor.h */ = {isa = PBXFileReference; fileEncoding = 4; lastKnownFileType = sourcecode.c.h; path = "UITextField+Cursor.h"; sourceTree = "<group>"; };
		7FFCC3FF18082A7200CA9E52 /* UITextField+Cursor.m */ = {isa = PBXFileReference; fileEncoding = 4; lastKnownFileType = sourcecode.c.objc; path = "UITextField+Cursor.m"; sourceTree = "<group>"; };
		7FFCC40918082A8800CA9E52 /* UIActionSheet+Blocks.h */ = {isa = PBXFileReference; fileEncoding = 4; lastKnownFileType = sourcecode.c.h; path = "UIActionSheet+Blocks.h"; sourceTree = "<group>"; };
		7FFCC40A18082A8800CA9E52 /* UIActionSheet+Blocks.m */ = {isa = PBXFileReference; fileEncoding = 4; lastKnownFileType = sourcecode.c.objc; path = "UIActionSheet+Blocks.m"; sourceTree = "<group>"; };
		7FFCC40C1808313300CA9E52 /* Accelerate.framework */ = {isa = PBXFileReference; lastKnownFileType = wrapper.framework; name = Accelerate.framework; path = System/Library/Frameworks/Accelerate.framework; sourceTree = SDKROOT; };
/* End PBXFileReference section */

/* Begin PBXFrameworksBuildPhase section */
		7FCAB80F17C4CD7E00F54EC6 /* Frameworks */ = {
			isa = PBXFrameworksBuildPhase;
			buildActionMask = 2147483647;
			files = (
				7FFCC40D1808313300CA9E52 /* Accelerate.framework in Frameworks */,
				7FCAB84B17C4CE8300F54EC6 /* QuartzCore.framework in Frameworks */,
				7FCAB81617C4CD7E00F54EC6 /* UIKit.framework in Frameworks */,
				7FCAB81817C4CD7E00F54EC6 /* Foundation.framework in Frameworks */,
				7FCAB81A17C4CD7E00F54EC6 /* CoreGraphics.framework in Frameworks */,
			);
			runOnlyForDeploymentPostprocessing = 0;
		};
/* End PBXFrameworksBuildPhase section */

/* Begin PBXGroup section */
		7F8CD98218BBEAFF000E8B0D /* View Controllers */ = {
			isa = PBXGroup;
			children = (
				7F8CD98318BBEB09000E8B0D /* RKAlertViewController.h */,
				7F8CD98418BBEB09000E8B0D /* RKAlertViewController.m */,
			);
			name = "View Controllers";
			sourceTree = "<group>";
		};
		7FB3438C18B795BD00EF3F8E /* Categories */ = {
			isa = PBXGroup;
			children = (
				7FFCC3F418082A7200CA9E52 /* NSDate+Helpers.h */,
				7FFCC3F518082A7200CA9E52 /* NSDate+Helpers.m */,
				7FFCC3FC18082A7200CA9E52 /* UIImage+ImageEffects.h */,
				7FFCC3FD18082A7200CA9E52 /* UIImage+ImageEffects.m */,
				7FFCC3FE18082A7200CA9E52 /* UITextField+Cursor.h */,
				7FFCC3FF18082A7200CA9E52 /* UITextField+Cursor.m */,
				7FB3438018B7930900EF3F8E /* UIView+Helpers.h */,
				7FB3438118B7930900EF3F8E /* UIView+Helpers.m */,
				7FFCC40918082A8800CA9E52 /* UIActionSheet+Blocks.h */,
				7FFCC40A18082A8800CA9E52 /* UIActionSheet+Blocks.m */,
				7FB3438318B793AA00EF3F8E /* UIToolbar+AccessoryView.h */,
				7FB3438418B793AA00EF3F8E /* UIToolbar+AccessoryView.m */,
				7FB3438618B793BB00EF3F8E /* NSObject+ios7support.h */,
				7FB3438718B793BB00EF3F8E /* NSObject+ios7support.m */,
				7FB3439418B7966B00EF3F8E /* NSObject+NIB.h */,
				7FB3439518B7966B00EF3F8E /* NSObject+NIB.m */,
				7FB3439118B7964500EF3F8E /* UITableViewCell+Helpers.h */,
				7FB3439218B7964500EF3F8E /* UITableViewCell+Helpers.m */,
				7F23227818E9BC9E0040CEC2 /* NSObject+AssociatedObjects.h */,
				7F23227918E9BC9E0040CEC2 /* NSObject+AssociatedObjects.m */,
				7F2307D918F53626006329B3 /* PickerViews+Helpers.h */,
				7F2307DA18F53626006329B3 /* PickerViews+Helpers.m */,
			);
			name = Categories;
			sourceTree = "<group>";
		};
		7FB3438D18B795C600EF3F8E /* Views */ = {
			isa = PBXGroup;
			children = (
				7FFCC3F618082A7200CA9E52 /* RKMovingLabel.h */,
				7FFCC3F718082A7200CA9E52 /* RKMovingLabel.m */,
				7FFCC3F818082A7200CA9E52 /* RKRoundedImageView.h */,
				7FFCC3F918082A7200CA9E52 /* RKRoundedImageView.m */,
				7FFCC3FA18082A7200CA9E52 /* RKTableViewCell.h */,
				7FFCC3FB18082A7200CA9E52 /* RKTableViewCell.m */,
				7FB3438918B7957500EF3F8E /* RKOnePixelView.h */,
				7FB3438A18B7957500EF3F8E /* RKOnePixelView.m */,
			);
			name = Views;
			sourceTree = "<group>";
		};
		7FC9EFFC18F46C2B00F0122A /* Table View Data */ = {
			isa = PBXGroup;
			children = (
				7FC9EFFD18F46C2B00F0122A /* RKRow.h */,
				7FC9EFFE18F46C2B00F0122A /* RKRow.m */,
				7FC9EFFF18F46C2B00F0122A /* RKSection.h */,
				7FC9F00018F46C2B00F0122A /* RKSection.m */,
				7FC9F00118F46C2B00F0122A /* RKTableData.h */,
				7FC9F00218F46C2B00F0122A /* RKTableData.m */,
			);
			path = "Table View Data";
			sourceTree = "<group>";
		};
		7FCAB80917C4CD7E00F54EC6 = {
			isa = PBXGroup;
			children = (
				7FCAB84C17C4CF5300F54EC6 /* Sources */,
				7FCAB81B17C4CD7E00F54EC6 /* Sample */,
				7FCAB81417C4CD7E00F54EC6 /* Frameworks */,
				7FCAB81317C4CD7E00F54EC6 /* Products */,
			);
			sourceTree = "<group>";
		};
		7FCAB81317C4CD7E00F54EC6 /* Products */ = {
			isa = PBXGroup;
			children = (
				7FCAB81217C4CD7E00F54EC6 /* Sample.app */,
			);
			name = Products;
			sourceTree = "<group>";
		};
		7FCAB81417C4CD7E00F54EC6 /* Frameworks */ = {
			isa = PBXGroup;
			children = (
				7FFCC40C1808313300CA9E52 /* Accelerate.framework */,
				7FCAB84A17C4CE8300F54EC6 /* QuartzCore.framework */,
				7FCAB81517C4CD7E00F54EC6 /* UIKit.framework */,
				7FCAB81717C4CD7E00F54EC6 /* Foundation.framework */,
				7FCAB81917C4CD7E00F54EC6 /* CoreGraphics.framework */,
			);
			name = Frameworks;
			sourceTree = "<group>";
		};
		7FCAB81B17C4CD7E00F54EC6 /* Sample */ = {
			isa = PBXGroup;
			children = (
				7FCAB82417C4CD7E00F54EC6 /* AppDelegate.h */,
				7FCAB82517C4CD7E00F54EC6 /* AppDelegate.m */,
				7FCAB82D17C4CD7E00F54EC6 /* ViewController.h */,
				7FCAB82E17C4CD7E00F54EC6 /* ViewController.m */,
				7F2307D718F534C3006329B3 /* ViewController.xib */,
				7FCAB81C17C4CD7E00F54EC6 /* Supporting Files */,
			);
			path = Sample;
			sourceTree = "<group>";
		};
		7FCAB81C17C4CD7E00F54EC6 /* Supporting Files */ = {
			isa = PBXGroup;
			children = (
				7FCAB81D17C4CD7E00F54EC6 /* Sample-Info.plist */,
				7FCAB81E17C4CD7E00F54EC6 /* InfoPlist.strings */,
				7FCAB82117C4CD7E00F54EC6 /* main.m */,
				7FCAB82317C4CD7E00F54EC6 /* Sample-Prefix.pch */,
				7FCAB82717C4CD7E00F54EC6 /* Default.png */,
				7FCAB82917C4CD7E00F54EC6 /* Default@2x.png */,
				7FCAB82B17C4CD7E00F54EC6 /* Default-568h@2x.png */,
			);
			name = "Supporting Files";
			sourceTree = "<group>";
		};
		7FCAB84C17C4CF5300F54EC6 /* Sources */ = {
			isa = PBXGroup;
			children = (
				7FC9EFFC18F46C2B00F0122A /* Table View Data */,
				7F8CD98218BBEAFF000E8B0D /* View Controllers */,
				7FB3438C18B795BD00EF3F8E /* Categories */,
				7FB3438D18B795C600EF3F8E /* Views */,
			);
			name = Sources;
			path = ../Sources;
			sourceTree = "<group>";
		};
/* End PBXGroup section */

/* Begin PBXNativeTarget section */
		7FCAB81117C4CD7E00F54EC6 /* Sample */ = {
			isa = PBXNativeTarget;
			buildConfigurationList = 7FCAB83517C4CD7E00F54EC6 /* Build configuration list for PBXNativeTarget "Sample" */;
			buildPhases = (
				7FCAB80E17C4CD7E00F54EC6 /* Sources */,
				7FCAB80F17C4CD7E00F54EC6 /* Frameworks */,
				7FCAB81017C4CD7E00F54EC6 /* Resources */,
			);
			buildRules = (
			);
			dependencies = (
			);
			name = Sample;
			productName = Sample;
			productReference = 7FCAB81217C4CD7E00F54EC6 /* Sample.app */;
			productType = "com.apple.product-type.application";
		};
/* End PBXNativeTarget section */

/* Begin PBXProject section */
		7FCAB80A17C4CD7E00F54EC6 /* Project object */ = {
			isa = PBXProject;
			attributes = {
				LastUpgradeCheck = 0460;
				ORGANIZATIONNAME = "Ruslan Kavetsky";
			};
			buildConfigurationList = 7FCAB80D17C4CD7E00F54EC6 /* Build configuration list for PBXProject "Sample" */;
			compatibilityVersion = "Xcode 3.2";
			developmentRegion = English;
			hasScannedForEncodings = 0;
			knownRegions = (
				en,
			);
			mainGroup = 7FCAB80917C4CD7E00F54EC6;
			productRefGroup = 7FCAB81317C4CD7E00F54EC6 /* Products */;
			projectDirPath = "";
			projectRoot = "";
			targets = (
				7FCAB81117C4CD7E00F54EC6 /* Sample */,
			);
		};
/* End PBXProject section */

/* Begin PBXResourcesBuildPhase section */
		7FCAB81017C4CD7E00F54EC6 /* Resources */ = {
			isa = PBXResourcesBuildPhase;
			buildActionMask = 2147483647;
			files = (
				7F2307D818F534C3006329B3 /* ViewController.xib in Resources */,
				7FCAB82017C4CD7E00F54EC6 /* InfoPlist.strings in Resources */,
				7FCAB82817C4CD7E00F54EC6 /* Default.png in Resources */,
				7FCAB82A17C4CD7E00F54EC6 /* Default@2x.png in Resources */,
				7FCAB82C17C4CD7E00F54EC6 /* Default-568h@2x.png in Resources */,
			);
			runOnlyForDeploymentPostprocessing = 0;
		};
/* End PBXResourcesBuildPhase section */

/* Begin PBXSourcesBuildPhase section */
		7FCAB80E17C4CD7E00F54EC6 /* Sources */ = {
			isa = PBXSourcesBuildPhase;
			buildActionMask = 2147483647;
			files = (
				7FB3439318B7964500EF3F8E /* UITableViewCell+Helpers.m in Sources */,
				7FC9F00418F46C2B00F0122A /* RKSection.m in Sources */,
				7FCAB82217C4CD7E00F54EC6 /* main.m in Sources */,
				7FCAB82617C4CD7E00F54EC6 /* AppDelegate.m in Sources */,
				7FCAB82F17C4CD7E00F54EC6 /* ViewController.m in Sources */,
				7F8CD98518BBEB09000E8B0D /* RKAlertViewController.m in Sources */,
				7FC9F00518F46C2B00F0122A /* RKTableData.m in Sources */,
				7FFCC40218082A7200CA9E52 /* NSDate+Helpers.m in Sources */,
				7FB3439618B7966B00EF3F8E /* NSObject+NIB.m in Sources */,
				7FFCC40318082A7200CA9E52 /* RKMovingLabel.m in Sources */,
				7F23227A18E9BC9E0040CEC2 /* NSObject+AssociatedObjects.m in Sources */,
				7FFCC40418082A7200CA9E52 /* RKRoundedImageView.m in Sources */,
				7FB3438218B7930900EF3F8E /* UIView+Helpers.m in Sources */,
				7FB3438518B793AA00EF3F8E /* UIToolbar+AccessoryView.m in Sources */,
				7F2307DB18F53626006329B3 /* PickerViews+Helpers.m in Sources */,
				7FB3438B18B7957500EF3F8E /* RKOnePixelView.m in Sources */,
				7FC9F00318F46C2B00F0122A /* RKRow.m in Sources */,
				7FFCC40518082A7200CA9E52 /* RKTableViewCell.m in Sources */,
				7FFCC40618082A7200CA9E52 /* UIImage+ImageEffects.m in Sources */,
				7FFCC40718082A7200CA9E52 /* UITextField+Cursor.m in Sources */,
				7FFCC40B18082A8800CA9E52 /* UIActionSheet+Blocks.m in Sources */,
				7FB3438818B793BB00EF3F8E /* NSObject+ios7support.m in Sources */,
			);
			runOnlyForDeploymentPostprocessing = 0;
		};
/* End PBXSourcesBuildPhase section */

/* Begin PBXVariantGroup section */
		7FCAB81E17C4CD7E00F54EC6 /* InfoPlist.strings */ = {
			isa = PBXVariantGroup;
			children = (
				7FCAB81F17C4CD7E00F54EC6 /* en */,
			);
			name = InfoPlist.strings;
			sourceTree = "<group>";
		};
/* End PBXVariantGroup section */

/* Begin XCBuildConfiguration section */
		7FCAB83317C4CD7E00F54EC6 /* Debug */ = {
			isa = XCBuildConfiguration;
			buildSettings = {
				ALWAYS_SEARCH_USER_PATHS = NO;
				CLANG_CXX_LANGUAGE_STANDARD = "gnu++0x";
				CLANG_CXX_LIBRARY = "libc++";
				CLANG_ENABLE_OBJC_ARC = YES;
				CLANG_WARN_CONSTANT_CONVERSION = YES;
				CLANG_WARN_EMPTY_BODY = YES;
				CLANG_WARN_ENUM_CONVERSION = YES;
				CLANG_WARN_INT_CONVERSION = YES;
				CLANG_WARN__DUPLICATE_METHOD_MATCH = YES;
				"CODE_SIGN_IDENTITY[sdk=iphoneos*]" = "iPhone Developer";
				COPY_PHASE_STRIP = NO;
				GCC_C_LANGUAGE_STANDARD = gnu99;
				GCC_DYNAMIC_NO_PIC = NO;
				GCC_OPTIMIZATION_LEVEL = 0;
				GCC_PREPROCESSOR_DEFINITIONS = (
					"DEBUG=1",
					"$(inherited)",
				);
				GCC_SYMBOLS_PRIVATE_EXTERN = NO;
				GCC_WARN_ABOUT_RETURN_TYPE = YES;
				GCC_WARN_UNINITIALIZED_AUTOS = YES;
				GCC_WARN_UNUSED_VARIABLE = YES;
				IPHONEOS_DEPLOYMENT_TARGET = 6.1;
				ONLY_ACTIVE_ARCH = YES;
				SDKROOT = iphoneos;
			};
			name = Debug;
		};
		7FCAB83417C4CD7E00F54EC6 /* Release */ = {
			isa = XCBuildConfiguration;
			buildSettings = {
				ALWAYS_SEARCH_USER_PATHS = NO;
				CLANG_CXX_LANGUAGE_STANDARD = "gnu++0x";
				CLANG_CXX_LIBRARY = "libc++";
				CLANG_ENABLE_OBJC_ARC = YES;
				CLANG_WARN_CONSTANT_CONVERSION = YES;
				CLANG_WARN_EMPTY_BODY = YES;
				CLANG_WARN_ENUM_CONVERSION = YES;
				CLANG_WARN_INT_CONVERSION = YES;
				CLANG_WARN__DUPLICATE_METHOD_MATCH = YES;
				"CODE_SIGN_IDENTITY[sdk=iphoneos*]" = "iPhone Developer";
				COPY_PHASE_STRIP = YES;
				GCC_C_LANGUAGE_STANDARD = gnu99;
				GCC_WARN_ABOUT_RETURN_TYPE = YES;
				GCC_WARN_UNINITIALIZED_AUTOS = YES;
				GCC_WARN_UNUSED_VARIABLE = YES;
				IPHONEOS_DEPLOYMENT_TARGET = 6.1;
				OTHER_CFLAGS = "-DNS_BLOCK_ASSERTIONS=1";
				SDKROOT = iphoneos;
				VALIDATE_PRODUCT = YES;
			};
			name = Release;
		};
		7FCAB83617C4CD7E00F54EC6 /* Debug */ = {
			isa = XCBuildConfiguration;
			buildSettings = {
				GCC_PRECOMPILE_PREFIX_HEADER = YES;
				GCC_PREFIX_HEADER = "Sample/Sample-Prefix.pch";
				INFOPLIST_FILE = "Sample/Sample-Info.plist";
				PRODUCT_NAME = "$(TARGET_NAME)";
				WRAPPER_EXTENSION = app;
			};
			name = Debug;
		};
		7FCAB83717C4CD7E00F54EC6 /* Release */ = {
			isa = XCBuildConfiguration;
			buildSettings = {
				GCC_PRECOMPILE_PREFIX_HEADER = YES;
				GCC_PREFIX_HEADER = "Sample/Sample-Prefix.pch";
				INFOPLIST_FILE = "Sample/Sample-Info.plist";
				PRODUCT_NAME = "$(TARGET_NAME)";
				WRAPPER_EXTENSION = app;
			};
			name = Release;
		};
/* End XCBuildConfiguration section */

/* Begin XCConfigurationList section */
		7FCAB80D17C4CD7E00F54EC6 /* Build configuration list for PBXProject "Sample" */ = {
			isa = XCConfigurationList;
			buildConfigurations = (
				7FCAB83317C4CD7E00F54EC6 /* Debug */,
				7FCAB83417C4CD7E00F54EC6 /* Release */,
			);
			defaultConfigurationIsVisible = 0;
			defaultConfigurationName = Release;
		};
		7FCAB83517C4CD7E00F54EC6 /* Build configuration list for PBXNativeTarget "Sample" */ = {
			isa = XCConfigurationList;
			buildConfigurations = (
				7FCAB83617C4CD7E00F54EC6 /* Debug */,
				7FCAB83717C4CD7E00F54EC6 /* Release */,
			);
			defaultConfigurationIsVisible = 0;
			defaultConfigurationName = Release;
		};
/* End XCConfigurationList section */
	};
	rootObject = 7FCAB80A17C4CD7E00F54EC6 /* Project object */;
}
